
Microsoft Visual Studio Solution File, Format Version 12.00
# Visual Studio Version 16
VisualStudioVersion = 16.0.32106.194
MinimumVisualStudioVersion = 10.0.40219.1
Project("{FAE04EC0-301F-11D3-BF4B-00C04F79EFBC}") = "TicTacToeGame", "TicTacToeGame\TicTacToeGame.csproj", "{707FE8A7-B394-4D52-9F63-F3A7FEC43313}"
EndProject
Global
	GlobalSection(SolutionConfigurationPlatforms) = preSolution
		Debug|Any CPU = Debug|Any CPU
		Release|Any CPU = Release|Any CPU
	EndGlobalSection
	GlobalSection(ProjectConfigurationPlatforms) = postSolution
		{707FE8A7-B394-4D52-9F63-F3A7FEC43313}.Debug|Any CPU.ActiveCfg = Debug|Any CPU
		{707FE8A7-B394-4D52-9F63-F3A7FEC43313}.Debug|Any CPU.Build.0 = Debug|Any CPU
		{707FE8A7-B394-4D52-9F63-F3A7FEC43313}.Release|Any CPU.ActiveCfg = Release|Any CPU
		{707FE8A7-B394-4D52-9F63-F3A7FEC43313}.Release|Any CPU.Build.0 = Release|Any CPU
	EndGlobalSection
	GlobalSection(SolutionProperties) = preSolution
		HideSolutionNode = FALSE
	EndGlobalSection
	GlobalSection(ExtensibilityGlobals) = postSolution
		SolutionGuid = {84F2325C-0836-4352-8A96-A9ACCBFD8BD3}
	EndGlobalSection
EndGlobal
